// !$*UTF8*$!
{
	archiveVersion = 1;
	classes = {
	};
	objectVersion = 56;
	objects = {

/* Begin PBXBuildFile section */
		8CAE79292B1CF8A50087C35E /* main.cpp in Sources */ = {isa = PBXBuildFile; fileRef = 8CAE79282B1CF8A50087C35E /* main.cpp */; };
		8CAE79352B1CFAD90087C35E /* libvulkan.1.dylib in Frameworks */ = {isa = PBXBuildFile; fileRef = 8CAE79332B1CFAD90087C35E /* libvulkan.1.dylib */; };
		8CAE79372B1CFB040087C35E /* libvulkan.1.dylib in CopyFiles */ = {isa = PBXBuildFile; fileRef = 8CAE79332B1CFAD90087C35E /* libvulkan.1.dylib */; };
		8CAE79432B1D1FBB0087C35E /* libvulkan.1.3.268.dylib in Frameworks */ = {isa = PBXBuildFile; fileRef = 8CAE79322B1CFAD90087C35E /* libvulkan.1.3.268.dylib */; };
		8CAE79442B1D1FBF0087C35E /* libvulkan.1.3.268.dylib in CopyFiles */ = {isa = PBXBuildFile; fileRef = 8CAE79322B1CFAD90087C35E /* libvulkan.1.3.268.dylib */; };
		8CAE79452B1D200F0087C35E /* libglfw.3.3.dylib in Frameworks */ = {isa = PBXBuildFile; fileRef = 8CAE79302B1CFAA80087C35E /* libglfw.3.3.dylib */; };
		8CAE79462B1D20170087C35E /* libglfw.3.3.dylib in CopyFiles */ = {isa = PBXBuildFile; fileRef = 8CAE79302B1CFAA80087C35E /* libglfw.3.3.dylib */; };
		8CAE794D2B1D25EE0087C35E /* triangle.cpp in Sources */ = {isa = PBXBuildFile; fileRef = 8CAE794B2B1D25EE0087C35E /* triangle.cpp */; };
		8CAE79532B1D2A7C0087C35E /* compute.cpp in Sources */ = {isa = PBXBuildFile; fileRef = 8CAE79512B1D2A7C0087C35E /* compute.cpp */; };
/* End PBXBuildFile section */

/* Begin PBXCopyFilesBuildPhase section */
		8CAE79232B1CF8A50087C35E /* CopyFiles */ = {
			isa = PBXCopyFilesBuildPhase;
			buildActionMask = 12;
			dstPath = "";
			dstSubfolderSpec = 10;
			files = (
				8CAE79462B1D20170087C35E /* libglfw.3.3.dylib in CopyFiles */,
				8CAE79442B1D1FBF0087C35E /* libvulkan.1.3.268.dylib in CopyFiles */,
				8CAE79372B1CFB040087C35E /* libvulkan.1.dylib in CopyFiles */,
			);
			runOnlyForDeploymentPostprocessing = 0;
		};
/* End PBXCopyFilesBuildPhase section */

/* Begin PBXFileReference section */
		8CAE79252B1CF8A50087C35E /* n-body-cpp */ = {isa = PBXFileReference; explicitFileType = "compiled.mach-o.executable"; includeInIndex = 0; path = "n-body-cpp"; sourceTree = BUILT_PRODUCTS_DIR; };
		8CAE79282B1CF8A50087C35E /* main.cpp */ = {isa = PBXFileReference; lastKnownFileType = sourcecode.cpp.cpp; path = main.cpp; sourceTree = "<group>"; };
		8CAE79302B1CFAA80087C35E /* libglfw.3.3.dylib */ = {isa = PBXFileReference; lastKnownFileType = "compiled.mach-o.dylib"; name = libglfw.3.3.dylib; path = ../../../../../../../opt/homebrew/Cellar/glfw/3.3.8/lib/libglfw.3.3.dylib; sourceTree = "<group>"; };
		8CAE79322B1CFAD90087C35E /* libvulkan.1.3.268.dylib */ = {isa = PBXFileReference; lastKnownFileType = "compiled.mach-o.dylib"; name = libvulkan.1.3.268.dylib; path = ../../../../../VulkanSDK/1.3.268.1/macOS/lib/libvulkan.1.3.268.dylib; sourceTree = "<group>"; };
		8CAE79332B1CFAD90087C35E /* libvulkan.1.dylib */ = {isa = PBXFileReference; lastKnownFileType = "compiled.mach-o.dylib"; name = libvulkan.1.dylib; path = ../../../../../VulkanSDK/1.3.268.1/macOS/lib/libvulkan.1.dylib; sourceTree = "<group>"; };
		8CAE79392B1CFBEB0087C35E /* libglfw.dylib */ = {isa = PBXFileReference; lastKnownFileType = "compiled.mach-o.dylib"; name = libglfw.dylib; path = ../../../../../../../opt/homebrew/Cellar/glfw/3.3.8/lib/libglfw.dylib; sourceTree = "<group>"; };
		8CAE793E2B1CFD1C0087C35E /* OpenGL.framework */ = {isa = PBXFileReference; lastKnownFileType = wrapper.framework; name = OpenGL.framework; path = System/Library/Frameworks/OpenGL.framework; sourceTree = SDKROOT; };
		8CAE79412B1CFD680087C35E /* glfw3.h */ = {isa = PBXFileReference; lastKnownFileType = sourcecode.c.h; name = glfw3.h; path = ../../../../../../../opt/homebrew/Cellar/glfw/3.3.8/include/GLFW/glfw3.h; sourceTree = "<group>"; };
		8CAE794B2B1D25EE0087C35E /* triangle.cpp */ = {isa = PBXFileReference; lastKnownFileType = sourcecode.cpp.cpp; path = triangle.cpp; sourceTree = "<group>"; };
		8CAE794C2B1D25EE0087C35E /* triangle.hpp */ = {isa = PBXFileReference; lastKnownFileType = sourcecode.cpp.h; path = triangle.hpp; sourceTree = "<group>"; };
		8CAE79512B1D2A7C0087C35E /* compute.cpp */ = {isa = PBXFileReference; lastKnownFileType = sourcecode.cpp.cpp; path = compute.cpp; sourceTree = "<group>"; };
		8CAE79522B1D2A7C0087C35E /* compute.hpp */ = {isa = PBXFileReference; lastKnownFileType = sourcecode.cpp.h; path = compute.hpp; sourceTree = "<group>"; };
		8CAE79542B1D2EF60087C35E /* shader.comp */ = {isa = PBXFileReference; fileEncoding = 4; lastKnownFileType = text; path = shader.comp; sourceTree = "<group>"; };
		8CAE79552B1D30A60087C35E /* shader.spv */ = {isa = PBXFileReference; lastKnownFileType = file; path = shader.spv; sourceTree = "<group>"; };
/* End PBXFileReference section */

/* Begin PBXFrameworksBuildPhase section */
		8CAE79222B1CF8A50087C35E /* Frameworks */ = {
			isa = PBXFrameworksBuildPhase;
			buildActionMask = 2147483647;
			files = (
				8CAE79432B1D1FBB0087C35E /* libvulkan.1.3.268.dylib in Frameworks */,
				8CAE79352B1CFAD90087C35E /* libvulkan.1.dylib in Frameworks */,
				8CAE79452B1D200F0087C35E /* libglfw.3.3.dylib in Frameworks */,
			);
			runOnlyForDeploymentPostprocessing = 0;
		};
/* End PBXFrameworksBuildPhase section */

/* Begin PBXGroup section */
		8CAE791C2B1CF8A40087C35E = {
			isa = PBXGroup;
			children = (
				8CAE79272B1CF8A50087C35E /* n-body-cpp */,
				8CAE79262B1CF8A50087C35E /* Products */,
				8CAE792F2B1CFAA80087C35E /* Frameworks */,
			);
			sourceTree = "<group>";
		};
		8CAE79262B1CF8A50087C35E /* Products */ = {
			isa = PBXGroup;
			children = (
				8CAE79252B1CF8A50087C35E /* n-body-cpp */,
			);
			name = Products;
			sourceTree = "<group>";
		};
		8CAE79272B1CF8A50087C35E /* n-body-cpp */ = {
			isa = PBXGroup;
			children = (
				8CAE794F2B1D27B60087C35E /* shaders */,
				8CAE79282B1CF8A50087C35E /* main.cpp */,
				8CAE794B2B1D25EE0087C35E /* triangle.cpp */,
				8CAE794C2B1D25EE0087C35E /* triangle.hpp */,
				8CAE79512B1D2A7C0087C35E /* compute.cpp */,
				8CAE79522B1D2A7C0087C35E /* compute.hpp */,
			);
			path = "n-body-cpp";
			sourceTree = "<group>";
		};
		8CAE792F2B1CFAA80087C35E /* Frameworks */ = {
			isa = PBXGroup;
			children = (
				8CAE79412B1CFD680087C35E /* glfw3.h */,
				8CAE793E2B1CFD1C0087C35E /* OpenGL.framework */,
				8CAE79392B1CFBEB0087C35E /* libglfw.dylib */,
				8CAE79322B1CFAD90087C35E /* libvulkan.1.3.268.dylib */,
				8CAE79332B1CFAD90087C35E /* libvulkan.1.dylib */,
				8CAE79302B1CFAA80087C35E /* libglfw.3.3.dylib */,
			);
			name = Frameworks;
			sourceTree = "<group>";
		};
		8CAE794F2B1D27B60087C35E /* shaders */ = {
			isa = PBXGroup;
			children = (
				8CAE79552B1D30A60087C35E /* shader.spv */,
				8CAE79542B1D2EF60087C35E /* shader.comp */,
			);
			path = shaders;
			sourceTree = "<group>";
		};
/* End PBXGroup section */

/* Begin PBXNativeTarget section */
		8CAE79242B1CF8A50087C35E /* n-body-cpp */ = {
			isa = PBXNativeTarget;
			buildConfigurationList = 8CAE792C2B1CF8A50087C35E /* Build configuration list for PBXNativeTarget "n-body-cpp" */;
			buildPhases = (
				8CAE79212B1CF8A50087C35E /* Sources */,
				8CAE79222B1CF8A50087C35E /* Frameworks */,
				8CAE79232B1CF8A50087C35E /* CopyFiles */,
			);
			buildRules = (
			);
			dependencies = (
			);
			name = "n-body-cpp";
			productName = "n-body-cpp";
			productReference = 8CAE79252B1CF8A50087C35E /* n-body-cpp */;
			productType = "com.apple.product-type.tool";
		};
/* End PBXNativeTarget section */

/* Begin PBXProject section */
		8CAE791D2B1CF8A40087C35E /* Project object */ = {
			isa = PBXProject;
			attributes = {
				BuildIndependentTargetsInParallel = 1;
				LastUpgradeCheck = 1500;
				TargetAttributes = {
					8CAE79242B1CF8A50087C35E = {
						CreatedOnToolsVersion = 15.0.1;
					};
				};
			};
			buildConfigurationList = 8CAE79202B1CF8A40087C35E /* Build configuration list for PBXProject "n-body-cpp" */;
			compatibilityVersion = "Xcode 14.0";
			developmentRegion = en;
			hasScannedForEncodings = 0;
			knownRegions = (
				en,
				Base,
			);
			mainGroup = 8CAE791C2B1CF8A40087C35E;
			productRefGroup = 8CAE79262B1CF8A50087C35E /* Products */;
			projectDirPath = "";
			projectRoot = "";
			targets = (
				8CAE79242B1CF8A50087C35E /* n-body-cpp */,
			);
		};
/* End PBXProject section */

/* Begin PBXSourcesBuildPhase section */
		8CAE79212B1CF8A50087C35E /* Sources */ = {
			isa = PBXSourcesBuildPhase;
			buildActionMask = 2147483647;
			files = (
				8CAE79532B1D2A7C0087C35E /* compute.cpp in Sources */,
				8CAE79292B1CF8A50087C35E /* main.cpp in Sources */,
				8CAE794D2B1D25EE0087C35E /* triangle.cpp in Sources */,
			);
			runOnlyForDeploymentPostprocessing = 0;
		};
/* End PBXSourcesBuildPhase section */

/* Begin XCBuildConfiguration section */
		8CAE792A2B1CF8A50087C35E /* Debug */ = {
			isa = XCBuildConfiguration;
			buildSettings = {
				ALWAYS_SEARCH_USER_PATHS = NO;
				ASSETCATALOG_COMPILER_GENERATE_SWIFT_ASSET_SYMBOL_EXTENSIONS = YES;
				CLANG_ANALYZER_NONNULL = YES;
				CLANG_ANALYZER_NUMBER_OBJECT_CONVERSION = YES_AGGRESSIVE;
				CLANG_CXX_LANGUAGE_STANDARD = "gnu++20";
				CLANG_ENABLE_MODULES = YES;
				CLANG_ENABLE_OBJC_ARC = YES;
				CLANG_ENABLE_OBJC_WEAK = YES;
				CLANG_WARN_BLOCK_CAPTURE_AUTORELEASING = YES;
				CLANG_WARN_BOOL_CONVERSION = YES;
				CLANG_WARN_COMMA = YES;
				CLANG_WARN_CONSTANT_CONVERSION = YES;
				CLANG_WARN_DEPRECATED_OBJC_IMPLEMENTATIONS = YES;
				CLANG_WARN_DIRECT_OBJC_ISA_USAGE = YES_ERROR;
				CLANG_WARN_DOCUMENTATION_COMMENTS = YES;
				CLANG_WARN_EMPTY_BODY = YES;
				CLANG_WARN_ENUM_CONVERSION = YES;
				CLANG_WARN_INFINITE_RECURSION = YES;
				CLANG_WARN_INT_CONVERSION = YES;
				CLANG_WARN_NON_LITERAL_NULL_CONVERSION = YES;
				CLANG_WARN_OBJC_IMPLICIT_RETAIN_SELF = YES;
				CLANG_WARN_OBJC_LITERAL_CONVERSION = YES;
				CLANG_WARN_OBJC_ROOT_CLASS = YES_ERROR;
				CLANG_WARN_QUOTED_INCLUDE_IN_FRAMEWORK_HEADER = YES;
				CLANG_WARN_RANGE_LOOP_ANALYSIS = YES;
				CLANG_WARN_STRICT_PROTOTYPES = YES;
				CLANG_WARN_SUSPICIOUS_MOVE = YES;
				CLANG_WARN_UNGUARDED_AVAILABILITY = YES_AGGRESSIVE;
				CLANG_WARN_UNREACHABLE_CODE = YES;
				CLANG_WARN__DUPLICATE_METHOD_MATCH = YES;
				COPY_PHASE_STRIP = NO;
				DEBUG_INFORMATION_FORMAT = dwarf;
				ENABLE_STRICT_OBJC_MSGSEND = YES;
				ENABLE_TESTABILITY = YES;
				ENABLE_USER_SCRIPT_SANDBOXING = YES;
				GCC_C_LANGUAGE_STANDARD = gnu17;
				GCC_DYNAMIC_NO_PIC = NO;
				GCC_NO_COMMON_BLOCKS = YES;
				GCC_OPTIMIZATION_LEVEL = 0;
				GCC_PREPROCESSOR_DEFINITIONS = (
					"DEBUG=1",
					"$(inherited)",
				);
				GCC_WARN_64_TO_32_BIT_CONVERSION = YES;
				GCC_WARN_ABOUT_RETURN_TYPE = YES_ERROR;
				GCC_WARN_UNDECLARED_SELECTOR = YES;
				GCC_WARN_UNINITIALIZED_AUTOS = YES_AGGRESSIVE;
				GCC_WARN_UNUSED_FUNCTION = YES;
				GCC_WARN_UNUSED_VARIABLE = YES;
				LOCALIZATION_PREFERS_STRING_CATALOGS = YES;
				MACOSX_DEPLOYMENT_TARGET = 14.0;
				MTL_ENABLE_DEBUG_INFO = INCLUDE_SOURCE;
				MTL_FAST_MATH = YES;
				ONLY_ACTIVE_ARCH = YES;
				SDKROOT = macosx;
			};
			name = Debug;
		};
		8CAE792B2B1CF8A50087C35E /* Release */ = {
			isa = XCBuildConfiguration;
			buildSettings = {
				ALWAYS_SEARCH_USER_PATHS = NO;
				ASSETCATALOG_COMPILER_GENERATE_SWIFT_ASSET_SYMBOL_EXTENSIONS = YES;
				CLANG_ANALYZER_NONNULL = YES;
				CLANG_ANALYZER_NUMBER_OBJECT_CONVERSION = YES_AGGRESSIVE;
				CLANG_CXX_LANGUAGE_STANDARD = "gnu++20";
				CLANG_ENABLE_MODULES = YES;
				CLANG_ENABLE_OBJC_ARC = YES;
				CLANG_ENABLE_OBJC_WEAK = YES;
				CLANG_WARN_BLOCK_CAPTURE_AUTORELEASING = YES;
				CLANG_WARN_BOOL_CONVERSION = YES;
				CLANG_WARN_COMMA = YES;
				CLANG_WARN_CONSTANT_CONVERSION = YES;
				CLANG_WARN_DEPRECATED_OBJC_IMPLEMENTATIONS = YES;
				CLANG_WARN_DIRECT_OBJC_ISA_USAGE = YES_ERROR;
				CLANG_WARN_DOCUMENTATION_COMMENTS = YES;
				CLANG_WARN_EMPTY_BODY = YES;
				CLANG_WARN_ENUM_CONVERSION = YES;
				CLANG_WARN_INFINITE_RECURSION = YES;
				CLANG_WARN_INT_CONVERSION = YES;
				CLANG_WARN_NON_LITERAL_NULL_CONVERSION = YES;
				CLANG_WARN_OBJC_IMPLICIT_RETAIN_SELF = YES;
				CLANG_WARN_OBJC_LITERAL_CONVERSION = YES;
				CLANG_WARN_OBJC_ROOT_CLASS = YES_ERROR;
				CLANG_WARN_QUOTED_INCLUDE_IN_FRAMEWORK_HEADER = YES;
				CLANG_WARN_RANGE_LOOP_ANALYSIS = YES;
				CLANG_WARN_STRICT_PROTOTYPES = YES;
				CLANG_WARN_SUSPICIOUS_MOVE = YES;
				CLANG_WARN_UNGUARDED_AVAILABILITY = YES_AGGRESSIVE;
				CLANG_WARN_UNREACHABLE_CODE = YES;
				CLANG_WARN__DUPLICATE_METHOD_MATCH = YES;
				COPY_PHASE_STRIP = NO;
				DEBUG_INFORMATION_FORMAT = "dwarf-with-dsym";
				ENABLE_NS_ASSERTIONS = NO;
				ENABLE_STRICT_OBJC_MSGSEND = YES;
				ENABLE_USER_SCRIPT_SANDBOXING = YES;
				GCC_C_LANGUAGE_STANDARD = gnu17;
				GCC_NO_COMMON_BLOCKS = YES;
				GCC_WARN_64_TO_32_BIT_CONVERSION = YES;
				GCC_WARN_ABOUT_RETURN_TYPE = YES_ERROR;
				GCC_WARN_UNDECLARED_SELECTOR = YES;
				GCC_WARN_UNINITIALIZED_AUTOS = YES_AGGRESSIVE;
				GCC_WARN_UNUSED_FUNCTION = YES;
				GCC_WARN_UNUSED_VARIABLE = YES;
				LOCALIZATION_PREFERS_STRING_CATALOGS = YES;
				MACOSX_DEPLOYMENT_TARGET = 14.0;
				MTL_ENABLE_DEBUG_INFO = NO;
				MTL_FAST_MATH = YES;
				SDKROOT = macosx;
			};
			name = Release;
		};
		8CAE792D2B1CF8A50087C35E /* Debug */ = {
			isa = XCBuildConfiguration;
			buildSettings = {
				CODE_SIGN_STYLE = Automatic;
				HEADER_SEARCH_PATHS = (
					/Users/jacobmacweb/VulkanSDK/1.3.268.1/macOS/include,
					/usr/local/include,
					/opt/homebrew/include,
				);
				LIBRARY_SEARCH_PATHS = (
					/Users/jacobmacweb/VulkanSDK/1.3.268.1/macOS/lib,
					/usr/local/lib,
					/opt/homebrew/Cellar/glfw/3.3.8/lib,
					/opt/homebrew/lib,
				);
				PRODUCT_NAME = "$(TARGET_NAME)";
			};
			name = Debug;
		};
		8CAE792E2B1CF8A50087C35E /* Release */ = {
			isa = XCBuildConfiguration;
			buildSettings = {
				CODE_SIGN_STYLE = Automatic;
				HEADER_SEARCH_PATHS = (
					/Users/jacobmacweb/VulkanSDK/1.3.268.1/macOS/include,
					/usr/local/include,
					/opt/homebrew/include,
				);
				LIBRARY_SEARCH_PATHS = (
					/Users/jacobmacweb/VulkanSDK/1.3.268.1/macOS/lib,
					/usr/local/lib,
					/opt/homebrew/Cellar/glfw/3.3.8/lib,
					/opt/homebrew/lib,
				);
				PRODUCT_NAME = "$(TARGET_NAME)";
			};
			name = Release;
		};
/* End XCBuildConfiguration section */

/* Begin XCConfigurationList section */
		8CAE79202B1CF8A40087C35E /* Build configuration list for PBXProject "n-body-cpp" */ = {
			isa = XCConfigurationList;
			buildConfigurations = (
				8CAE792A2B1CF8A50087C35E /* Debug */,
				8CAE792B2B1CF8A50087C35E /* Release */,
			);
			defaultConfigurationIsVisible = 0;
			defaultConfigurationName = Release;
		};
		8CAE792C2B1CF8A50087C35E /* Build configuration list for PBXNativeTarget "n-body-cpp" */ = {
			isa = XCConfigurationList;
			buildConfigurations = (
				8CAE792D2B1CF8A50087C35E /* Debug */,
				8CAE792E2B1CF8A50087C35E /* Release */,
			);
			defaultConfigurationIsVisible = 0;
			defaultConfigurationName = Release;
		};
/* End XCConfigurationList section */
	};
	rootObject = 8CAE791D2B1CF8A40087C35E /* Project object */;
}
